dependencies:
- name: time-sync
  repository: https://erigrid2.github.io/charts/
  version: 0.1.0
- name: kilo
  repository: https://erigrid2.github.io/charts/
  version: 0.1.0
- name: netem
  repository: https://erigrid2.github.io/charts/
  version: 0.2.0
- name: multus
  repository: https://erigrid2.github.io/charts/
  version: 0.1.0
- name: villas
  repository: https://packages.fein-aachen.org/helm/charts/
  version: 0.7.7
digest: sha256:f9a275be823af91ed4556a9bf6a63314fa31c6a079570c86bfb3dd13e3a8d1a7
generated: "2022-01-19T10:46:54.237899+01:00"
