dependencies:
- name: minio
  repository: https://helm.min.io/
  version: 8.0.9
- name: gatekeeper
  repository: https://open-policy-agent.github.io/gatekeeper/charts
  version: 3.7.0-beta.2
- name: time-sync
  repository: https://erigrid2.github.io/charts/
  version: 0.1.0
- name: kilo
  repository: https://erigrid2.github.io/charts/
  version: 0.1.0
- name: flent
  repository: https://erigrid2.github.io/charts/
  version: 0.1.0
- name: netem
  repository: https://erigrid2.github.io/charts/
  version: 0.2.0
- name: multus
  repository: https://erigrid2.github.io/charts/
  version: 0.1.0
- name: villas
  repository: https://packages.fein-aachen.org/helm/charts/
  version: 0.6.1
digest: sha256:325aab4970ec1e6cedbefd225b2e6bf65677f1447174a45fa6a20eb449d203d4
generated: "2021-10-15T12:27:02.12646095+02:00"
